// !$*UTF8*$!
{
	archiveVersion = 1;
	classes = {
	};
	objectVersion = 55;
	objects = {

/* Begin PBXBuildFile section */
		9A02AD842DC65CA200BF8F09 /* AppDelegate.swift in Sources */ = {isa = PBXBuildFile; fileRef = 9A02AD832DC65CA200BF8F09 /* AppDelegate.swift */; };
		9A02AD862DC65CA200BF8F09 /* SceneDelegate.swift in Sources */ = {isa = PBXBuildFile; fileRef = 9A02AD852DC65CA200BF8F09 /* SceneDelegate.swift */; };
		9A02AD882DC65CA300BF8F09 /* PreviewsController.swift in Sources */ = {isa = PBXBuildFile; fileRef = 9A02AD872DC65CA300BF8F09 /* PreviewsController.swift */; };
		9A02AD8D2DC65CA600BF8F09 /* Assets.xcassets in Resources */ = {isa = PBXBuildFile; fileRef = 9A02AD8C2DC65CA600BF8F09 /* Assets.xcassets */; };
		9A02AD902DC65CA600BF8F09 /* LaunchScreen.storyboard in Resources */ = {isa = PBXBuildFile; fileRef = 9A02AD8E2DC65CA600BF8F09 /* LaunchScreen.storyboard */; };
		9A02AD982DC6601C00BF8F09 /* PreviewsCollectionView.swift in Sources */ = {isa = PBXBuildFile; fileRef = 9A02AD972DC6601C00BF8F09 /* PreviewsCollectionView.swift */; };
		9A02AD9C2DC6608900BF8F09 /* Section.swift in Sources */ = {isa = PBXBuildFile; fileRef = 9A02AD9B2DC6608900BF8F09 /* Section.swift */; };
		9A02ADA22DC660FF00BF8F09 /* PreviewsViewModelProtocol.swift in Sources */ = {isa = PBXBuildFile; fileRef = 9A02ADA12DC660FF00BF8F09 /* PreviewsViewModelProtocol.swift */; };
		9A02ADA42DC6611B00BF8F09 /* PreviewViewModel.swift in Sources */ = {isa = PBXBuildFile; fileRef = 9A02ADA32DC6611B00BF8F09 /* PreviewViewModel.swift */; };
		9A02ADA62DC6618600BF8F09 /* PreviewCell.swift in Sources */ = {isa = PBXBuildFile; fileRef = 9A02ADA52DC6618600BF8F09 /* PreviewCell.swift */; };
		9A02ADA82DC6627700BF8F09 /* CustomLayout.swift in Sources */ = {isa = PBXBuildFile; fileRef = 9A02ADA72DC6627700BF8F09 /* CustomLayout.swift */; };
		9A02ADAA2DC662B500BF8F09 /* PreviewsViewModel.swift in Sources */ = {isa = PBXBuildFile; fileRef = 9A02ADA92DC662B500BF8F09 /* PreviewsViewModel.swift */; };
		9A02ADAC2DC6631F00BF8F09 /* PreviewsModel.swift in Sources */ = {isa = PBXBuildFile; fileRef = 9A02ADAB2DC6631F00BF8F09 /* PreviewsModel.swift */; };
		9A02ADAE2DC6634800BF8F09 /* PreviewModel.swift in Sources */ = {isa = PBXBuildFile; fileRef = 9A02ADAD2DC6634800BF8F09 /* PreviewModel.swift */; };
		9A02ADB02DC663AC00BF8F09 /* PreviewEntity.swift in Sources */ = {isa = PBXBuildFile; fileRef = 9A02ADAF2DC663AC00BF8F09 /* PreviewEntity.swift */; };
		9A02ADB22DC663F700BF8F09 /* ImagesService.swift in Sources */ = {isa = PBXBuildFile; fileRef = 9A02ADB12DC663F700BF8F09 /* ImagesService.swift */; };
		9A02ADB42DC664A800BF8F09 /* ImageDownloaderService.swift in Sources */ = {isa = PBXBuildFile; fileRef = 9A02ADB32DC664A800BF8F09 /* ImageDownloaderService.swift */; };
		9ABF72BE2DC769FF003F7DB1 /* FullImageController.swift in Sources */ = {isa = PBXBuildFile; fileRef = 9ABF72BD2DC769FF003F7DB1 /* FullImageController.swift */; };
		9ABF72C02DC76A1A003F7DB1 /* FullImageViewModel.swift in Sources */ = {isa = PBXBuildFile; fileRef = 9ABF72BF2DC76A1A003F7DB1 /* FullImageViewModel.swift */; };
		9ABF72D52DC78348003F7DB1 /* ImageDownloaderService.swift in Sources */ = {isa = PBXBuildFile; fileRef = 9ABF72C62DC78323003F7DB1 /* ImageDownloaderService.swift */; };
		9ABF72D72DC78D03003F7DB1 /* FileSaveService.swift in Sources */ = {isa = PBXBuildFile; fileRef = 9ABF72D62DC78D03003F7DB1 /* FileSaveService.swift */; };
		9ABF72D92DC7AEDF003F7DB1 /* addresses.txt in Resources */ = {isa = PBXBuildFile; fileRef = 9ABF72D82DC7AEDF003F7DB1 /* addresses.txt */; };
		9ABF72DB2DC7AF14003F7DB1 /* FileReadService.swift in Sources */ = {isa = PBXBuildFile; fileRef = 9ABF72DA2DC7AF14003F7DB1 /* FileReadService.swift */; };
		9ABF72DE2DC7CAB7003F7DB1 /* FileReadService+UIImageView.swift in Sources */ = {isa = PBXBuildFile; fileRef = 9ABF72DD2DC7CAB7003F7DB1 /* FileReadService+UIImageView.swift */; };
		9ABF72E02DC7D861003F7DB1 /* ImageSaveService.swift in Sources */ = {isa = PBXBuildFile; fileRef = 9ABF72DF2DC7D861003F7DB1 /* ImageSaveService.swift */; };
		9ABF72E32DC80EEC003F7DB1 /* Converter.swift in Sources */ = {isa = PBXBuildFile; fileRef = 9ABF72E22DC80EEC003F7DB1 /* Converter.swift */; };
		F37BA1E57433D6C31009BD4D /* Pods_ImageTappable.framework in Frameworks */ = {isa = PBXBuildFile; fileRef = BC3EF3F6EA489D9854865B01 /* Pods_ImageTappable.framework */; };
/* End PBXBuildFile section */

/* Begin PBXContainerItemProxy section */
		9ABF72D02DC7833F003F7DB1 /* PBXContainerItemProxy */ = {
			isa = PBXContainerItemProxy;
			containerPortal = 9A02AD782DC65CA200BF8F09 /* Project object */;
			proxyType = 1;
			remoteGlobalIDString = 9A02AD7F2DC65CA200BF8F09;
			remoteInfo = ImageTappable;
		};
/* End PBXContainerItemProxy section */

/* Begin PBXFileReference section */
		85AF30F3B999E902816E0471 /* Pods-ImageTappable.debug.xcconfig */ = {isa = PBXFileReference; includeInIndex = 1; lastKnownFileType = text.xcconfig; name = "Pods-ImageTappable.debug.xcconfig"; path = "Target Support Files/Pods-ImageTappable/Pods-ImageTappable.debug.xcconfig"; sourceTree = "<group>"; };
		9A02AD802DC65CA200BF8F09 /* ImageTappable.app */ = {isa = PBXFileReference; explicitFileType = wrapper.application; includeInIndex = 0; path = ImageTappable.app; sourceTree = BUILT_PRODUCTS_DIR; };
		9A02AD832DC65CA200BF8F09 /* AppDelegate.swift */ = {isa = PBXFileReference; lastKnownFileType = sourcecode.swift; path = AppDelegate.swift; sourceTree = "<group>"; };
		9A02AD852DC65CA200BF8F09 /* SceneDelegate.swift */ = {isa = PBXFileReference; lastKnownFileType = sourcecode.swift; path = SceneDelegate.swift; sourceTree = "<group>"; };
		9A02AD872DC65CA300BF8F09 /* PreviewsController.swift */ = {isa = PBXFileReference; lastKnownFileType = sourcecode.swift; path = PreviewsController.swift; sourceTree = "<group>"; };
		9A02AD8C2DC65CA600BF8F09 /* Assets.xcassets */ = {isa = PBXFileReference; lastKnownFileType = folder.assetcatalog; path = Assets.xcassets; sourceTree = "<group>"; };
		9A02AD8F2DC65CA600BF8F09 /* Base */ = {isa = PBXFileReference; lastKnownFileType = file.storyboard; name = Base; path = Base.lproj/LaunchScreen.storyboard; sourceTree = "<group>"; };
		9A02AD912DC65CA600BF8F09 /* Info.plist */ = {isa = PBXFileReference; lastKnownFileType = text.plist.xml; path = Info.plist; sourceTree = "<group>"; };
		9A02AD972DC6601C00BF8F09 /* PreviewsCollectionView.swift */ = {isa = PBXFileReference; lastKnownFileType = sourcecode.swift; path = PreviewsCollectionView.swift; sourceTree = "<group>"; };
		9A02AD9B2DC6608900BF8F09 /* Section.swift */ = {isa = PBXFileReference; lastKnownFileType = sourcecode.swift; path = Section.swift; sourceTree = "<group>"; };
		9A02ADA12DC660FF00BF8F09 /* PreviewsViewModelProtocol.swift */ = {isa = PBXFileReference; lastKnownFileType = sourcecode.swift; path = PreviewsViewModelProtocol.swift; sourceTree = "<group>"; };
		9A02ADA32DC6611B00BF8F09 /* PreviewViewModel.swift */ = {isa = PBXFileReference; lastKnownFileType = sourcecode.swift; path = PreviewViewModel.swift; sourceTree = "<group>"; };
		9A02ADA52DC6618600BF8F09 /* PreviewCell.swift */ = {isa = PBXFileReference; lastKnownFileType = sourcecode.swift; path = PreviewCell.swift; sourceTree = "<group>"; };
		9A02ADA72DC6627700BF8F09 /* CustomLayout.swift */ = {isa = PBXFileReference; lastKnownFileType = sourcecode.swift; path = CustomLayout.swift; sourceTree = "<group>"; };
		9A02ADA92DC662B500BF8F09 /* PreviewsViewModel.swift */ = {isa = PBXFileReference; lastKnownFileType = sourcecode.swift; path = PreviewsViewModel.swift; sourceTree = "<group>"; };
		9A02ADAB2DC6631F00BF8F09 /* PreviewsModel.swift */ = {isa = PBXFileReference; lastKnownFileType = sourcecode.swift; path = PreviewsModel.swift; sourceTree = "<group>"; };
		9A02ADAD2DC6634800BF8F09 /* PreviewModel.swift */ = {isa = PBXFileReference; lastKnownFileType = sourcecode.swift; path = PreviewModel.swift; sourceTree = "<group>"; };
		9A02ADAF2DC663AC00BF8F09 /* PreviewEntity.swift */ = {isa = PBXFileReference; lastKnownFileType = sourcecode.swift; path = PreviewEntity.swift; sourceTree = "<group>"; };
		9A02ADB12DC663F700BF8F09 /* ImagesService.swift */ = {isa = PBXFileReference; lastKnownFileType = sourcecode.swift; path = ImagesService.swift; sourceTree = "<group>"; };
		9A02ADB32DC664A800BF8F09 /* ImageDownloaderService.swift */ = {isa = PBXFileReference; lastKnownFileType = sourcecode.swift; path = ImageDownloaderService.swift; sourceTree = "<group>"; };
		9ABF72BD2DC769FF003F7DB1 /* FullImageController.swift */ = {isa = PBXFileReference; lastKnownFileType = sourcecode.swift; path = FullImageController.swift; sourceTree = "<group>"; };
		9ABF72BF2DC76A1A003F7DB1 /* FullImageViewModel.swift */ = {isa = PBXFileReference; lastKnownFileType = sourcecode.swift; path = FullImageViewModel.swift; sourceTree = "<group>"; };
		9ABF72C62DC78323003F7DB1 /* ImageDownloaderService.swift */ = {isa = PBXFileReference; lastKnownFileType = sourcecode.swift; path = ImageDownloaderService.swift; sourceTree = "<group>"; };
		9ABF72CC2DC7833F003F7DB1 /* ImageTappableTests.xctest */ = {isa = PBXFileReference; explicitFileType = wrapper.cfbundle; includeInIndex = 0; path = ImageTappableTests.xctest; sourceTree = BUILT_PRODUCTS_DIR; };
		9ABF72D62DC78D03003F7DB1 /* FileSaveService.swift */ = {isa = PBXFileReference; lastKnownFileType = sourcecode.swift; path = FileSaveService.swift; sourceTree = "<group>"; };
		9ABF72D82DC7AEDF003F7DB1 /* addresses.txt */ = {isa = PBXFileReference; lastKnownFileType = text; path = addresses.txt; sourceTree = "<group>"; };
		9ABF72DA2DC7AF14003F7DB1 /* FileReadService.swift */ = {isa = PBXFileReference; lastKnownFileType = sourcecode.swift; path = FileReadService.swift; sourceTree = "<group>"; };
		9ABF72DD2DC7CAB7003F7DB1 /* FileReadService+UIImageView.swift */ = {isa = PBXFileReference; lastKnownFileType = sourcecode.swift; path = "FileReadService+UIImageView.swift"; sourceTree = "<group>"; };
		9ABF72DF2DC7D861003F7DB1 /* ImageSaveService.swift */ = {isa = PBXFileReference; lastKnownFileType = sourcecode.swift; path = ImageSaveService.swift; sourceTree = "<group>"; };
		9ABF72E22DC80EEC003F7DB1 /* Converter.swift */ = {isa = PBXFileReference; lastKnownFileType = sourcecode.swift; path = Converter.swift; sourceTree = "<group>"; };
		BC3EF3F6EA489D9854865B01 /* Pods_ImageTappable.framework */ = {isa = PBXFileReference; explicitFileType = wrapper.framework; includeInIndex = 0; path = Pods_ImageTappable.framework; sourceTree = BUILT_PRODUCTS_DIR; };
		D0D258E64191386C74018DC0 /* Pods-ImageTappable.release.xcconfig */ = {isa = PBXFileReference; includeInIndex = 1; lastKnownFileType = text.xcconfig; name = "Pods-ImageTappable.release.xcconfig"; path = "Target Support Files/Pods-ImageTappable/Pods-ImageTappable.release.xcconfig"; sourceTree = "<group>"; };
/* End PBXFileReference section */

/* Begin PBXFrameworksBuildPhase section */
		9A02AD7D2DC65CA200BF8F09 /* Frameworks */ = {
			isa = PBXFrameworksBuildPhase;
			buildActionMask = 2147483647;
			files = (
				F37BA1E57433D6C31009BD4D /* Pods_ImageTappable.framework in Frameworks */,
			);
			runOnlyForDeploymentPostprocessing = 0;
		};
		9ABF72C92DC7833F003F7DB1 /* Frameworks */ = {
			isa = PBXFrameworksBuildPhase;
			buildActionMask = 2147483647;
			files = (
			);
			runOnlyForDeploymentPostprocessing = 0;
		};
/* End PBXFrameworksBuildPhase section */

/* Begin PBXGroup section */
		936F25576EFCD70CA67811A2 /* Frameworks */ = {
			isa = PBXGroup;
			children = (
				BC3EF3F6EA489D9854865B01 /* Pods_ImageTappable.framework */,
			);
			name = Frameworks;
			sourceTree = "<group>";
		};
		9A02AD772DC65CA200BF8F09 = {
			isa = PBXGroup;
			children = (
				9A02AD822DC65CA200BF8F09 /* ImageTappable */,
				9ABF72CD2DC7833F003F7DB1 /* ImageTappableTests */,
				9A02AD812DC65CA200BF8F09 /* Products */,
				9A4E300A7F9752BA7A72CC43 /* Pods */,
				936F25576EFCD70CA67811A2 /* Frameworks */,
			);
			sourceTree = "<group>";
		};
		9A02AD812DC65CA200BF8F09 /* Products */ = {
			isa = PBXGroup;
			children = (
				9A02AD802DC65CA200BF8F09 /* ImageTappable.app */,
				9ABF72CC2DC7833F003F7DB1 /* ImageTappableTests.xctest */,
			);
			name = Products;
			sourceTree = "<group>";
		};
		9A02AD822DC65CA200BF8F09 /* ImageTappable */ = {
			isa = PBXGroup;
			children = (
				9A02AD832DC65CA200BF8F09 /* AppDelegate.swift */,
				9A02AD852DC65CA200BF8F09 /* SceneDelegate.swift */,
				9ABF72BA2DC7656B003F7DB1 /* MVVM */,
				9ABF72B92DC764D6003F7DB1 /* Network */,
				9ABF72DC2DC7B989003F7DB1 /* Storage */,
				9ABF72E12DC80ED8003F7DB1 /* Utilities */,
				9ABF72E42DC8F228003F7DB1 /* Common */,
				9ABF72D82DC7AEDF003F7DB1 /* addresses.txt */,
				9A02AD8C2DC65CA600BF8F09 /* Assets.xcassets */,
				9A02AD8E2DC65CA600BF8F09 /* LaunchScreen.storyboard */,
				9A02AD912DC65CA600BF8F09 /* Info.plist */,
			);
			path = ImageTappable;
			sourceTree = "<group>";
		};
		9A4E300A7F9752BA7A72CC43 /* Pods */ = {
			isa = PBXGroup;
			children = (
				85AF30F3B999E902816E0471 /* Pods-ImageTappable.debug.xcconfig */,
				D0D258E64191386C74018DC0 /* Pods-ImageTappable.release.xcconfig */,
			);
			path = Pods;
			sourceTree = "<group>";
		};
		9ABF72B62DC76497003F7DB1 /* Model */ = {
			isa = PBXGroup;
			children = (
				9A02ADAB2DC6631F00BF8F09 /* PreviewsModel.swift */,
				9A02ADAD2DC6634800BF8F09 /* PreviewModel.swift */,
				9A02ADAF2DC663AC00BF8F09 /* PreviewEntity.swift */,
			);
			path = Model;
			sourceTree = "<group>";
		};
		9ABF72B72DC764A5003F7DB1 /* ViewModel */ = {
			isa = PBXGroup;
			children = (
				9A02ADA12DC660FF00BF8F09 /* PreviewsViewModelProtocol.swift */,
				9A02ADA32DC6611B00BF8F09 /* PreviewViewModel.swift */,
				9A02ADA92DC662B500BF8F09 /* PreviewsViewModel.swift */,
			);
			path = ViewModel;
			sourceTree = "<group>";
		};
		9ABF72B82DC764C7003F7DB1 /* View */ = {
			isa = PBXGroup;
			children = (
				9A02AD872DC65CA300BF8F09 /* PreviewsController.swift */,
				9A02AD972DC6601C00BF8F09 /* PreviewsCollectionView.swift */,
				9A02ADA52DC6618600BF8F09 /* PreviewCell.swift */,
			);
			path = View;
			sourceTree = "<group>";
		};
		9ABF72B92DC764D6003F7DB1 /* Network */ = {
			isa = PBXGroup;
			children = (
				9A02ADB12DC663F700BF8F09 /* ImagesService.swift */,
				9A02ADB32DC664A800BF8F09 /* ImageDownloaderService.swift */,
			);
			path = Network;
			sourceTree = "<group>";
		};
		9ABF72BA2DC7656B003F7DB1 /* MVVM */ = {
			isa = PBXGroup;
			children = (
				9ABF72BC2DC7696A003F7DB1 /* FullImage */,
				9ABF72BB2DC768A1003F7DB1 /* Preview */,
			);
			path = MVVM;
			sourceTree = "<group>";
		};
		9ABF72BB2DC768A1003F7DB1 /* Preview */ = {
			isa = PBXGroup;
			children = (
				9ABF72B82DC764C7003F7DB1 /* View */,
				9ABF72B72DC764A5003F7DB1 /* ViewModel */,
				9ABF72B62DC76497003F7DB1 /* Model */,
			);
			path = Preview;
			sourceTree = "<group>";
		};
		9ABF72BC2DC7696A003F7DB1 /* FullImage */ = {
			isa = PBXGroup;
			children = (
				9ABF72BD2DC769FF003F7DB1 /* FullImageController.swift */,
				9ABF72BF2DC76A1A003F7DB1 /* FullImageViewModel.swift */,
			);
			path = FullImage;
			sourceTree = "<group>";
		};
		9ABF72CD2DC7833F003F7DB1 /* ImageTappableTests */ = {
			isa = PBXGroup;
			children = (
				9ABF72C62DC78323003F7DB1 /* ImageDownloaderService.swift */,
				9ABF72DF2DC7D861003F7DB1 /* ImageSaveService.swift */,
			);
			path = ImageTappableTests;
			sourceTree = "<group>";
		};
		9ABF72DC2DC7B989003F7DB1 /* Storage */ = {
			isa = PBXGroup;
			children = (
				9ABF72D62DC78D03003F7DB1 /* FileSaveService.swift */,
				9ABF72DA2DC7AF14003F7DB1 /* FileReadService.swift */,
				9ABF72DD2DC7CAB7003F7DB1 /* FileReadService+UIImageView.swift */,
			);
			path = Storage;
			sourceTree = "<group>";
		};
		9ABF72E12DC80ED8003F7DB1 /* Utilities */ = {
			isa = PBXGroup;
			children = (
				9ABF72E22DC80EEC003F7DB1 /* Converter.swift */,
			);
			path = Utilities;
			sourceTree = "<group>";
		};
		9ABF72E42DC8F228003F7DB1 /* Common */ = {
			isa = PBXGroup;
			children = (
				9A02AD9B2DC6608900BF8F09 /* Section.swift */,
				9A02ADA72DC6627700BF8F09 /* CustomLayout.swift */,
			);
			path = Common;
			sourceTree = "<group>";
		};
/* End PBXGroup section */

/* Begin PBXNativeTarget section */
		9A02AD7F2DC65CA200BF8F09 /* ImageTappable */ = {
			isa = PBXNativeTarget;
			buildConfigurationList = 9A02AD942DC65CA600BF8F09 /* Build configuration list for PBXNativeTarget "ImageTappable" */;
			buildPhases = (
				AC8D63E2F925C46E36EC7761 /* [CP] Check Pods Manifest.lock */,
				9A02AD7C2DC65CA200BF8F09 /* Sources */,
				9A02AD7D2DC65CA200BF8F09 /* Frameworks */,
				9A02AD7E2DC65CA200BF8F09 /* Resources */,
				2ACF5DF97ECBF387100DD70C /* [CP] Embed Pods Frameworks */,
			);
			buildRules = (
			);
			dependencies = (
			);
			name = ImageTappable;
			productName = ImageTappable;
			productReference = 9A02AD802DC65CA200BF8F09 /* ImageTappable.app */;
			productType = "com.apple.product-type.application";
		};
		9ABF72CB2DC7833F003F7DB1 /* ImageTappableTests */ = {
			isa = PBXNativeTarget;
			buildConfigurationList = 9ABF72D22DC7833F003F7DB1 /* Build configuration list for PBXNativeTarget "ImageTappableTests" */;
			buildPhases = (
				9ABF72C82DC7833F003F7DB1 /* Sources */,
				9ABF72C92DC7833F003F7DB1 /* Frameworks */,
				9ABF72CA2DC7833F003F7DB1 /* Resources */,
			);
			buildRules = (
			);
			dependencies = (
				9ABF72D12DC7833F003F7DB1 /* PBXTargetDependency */,
			);
			name = ImageTappableTests;
			productName = ImageTappableTests;
			productReference = 9ABF72CC2DC7833F003F7DB1 /* ImageTappableTests.xctest */;
			productType = "com.apple.product-type.bundle.unit-test";
		};
/* End PBXNativeTarget section */

/* Begin PBXProject section */
		9A02AD782DC65CA200BF8F09 /* Project object */ = {
			isa = PBXProject;
			attributes = {
				BuildIndependentTargetsInParallel = 1;
				LastSwiftUpdateCheck = 1340;
				LastUpgradeCheck = 1340;
				TargetAttributes = {
					9A02AD7F2DC65CA200BF8F09 = {
						CreatedOnToolsVersion = 13.4.1;
					};
					9ABF72CB2DC7833F003F7DB1 = {
						CreatedOnToolsVersion = 13.4.1;
						TestTargetID = 9A02AD7F2DC65CA200BF8F09;
					};
				};
			};
			buildConfigurationList = 9A02AD7B2DC65CA200BF8F09 /* Build configuration list for PBXProject "ImageTappable" */;
			compatibilityVersion = "Xcode 13.0";
			developmentRegion = en;
			hasScannedForEncodings = 0;
			knownRegions = (
				en,
				Base,
			);
			mainGroup = 9A02AD772DC65CA200BF8F09;
			productRefGroup = 9A02AD812DC65CA200BF8F09 /* Products */;
			projectDirPath = "";
			projectRoot = "";
			targets = (
				9A02AD7F2DC65CA200BF8F09 /* ImageTappable */,
				9ABF72CB2DC7833F003F7DB1 /* ImageTappableTests */,
			);
		};
/* End PBXProject section */

/* Begin PBXResourcesBuildPhase section */
		9A02AD7E2DC65CA200BF8F09 /* Resources */ = {
			isa = PBXResourcesBuildPhase;
			buildActionMask = 2147483647;
			files = (
				9A02AD902DC65CA600BF8F09 /* LaunchScreen.storyboard in Resources */,
				9A02AD8D2DC65CA600BF8F09 /* Assets.xcassets in Resources */,
				9ABF72D92DC7AEDF003F7DB1 /* addresses.txt in Resources */,
			);
			runOnlyForDeploymentPostprocessing = 0;
		};
		9ABF72CA2DC7833F003F7DB1 /* Resources */ = {
			isa = PBXResourcesBuildPhase;
			buildActionMask = 2147483647;
			files = (
			);
			runOnlyForDeploymentPostprocessing = 0;
		};
/* End PBXResourcesBuildPhase section */

/* Begin PBXShellScriptBuildPhase section */
		2ACF5DF97ECBF387100DD70C /* [CP] Embed Pods Frameworks */ = {
			isa = PBXShellScriptBuildPhase;
			buildActionMask = 2147483647;
			files = (
			);
			inputFileListPaths = (
				"${PODS_ROOT}/Target Support Files/Pods-ImageTappable/Pods-ImageTappable-frameworks-${CONFIGURATION}-input-files.xcfilelist",
			);
			name = "[CP] Embed Pods Frameworks";
			outputFileListPaths = (
				"${PODS_ROOT}/Target Support Files/Pods-ImageTappable/Pods-ImageTappable-frameworks-${CONFIGURATION}-output-files.xcfilelist",
			);
			runOnlyForDeploymentPostprocessing = 0;
			shellPath = /bin/sh;
			shellScript = "\"${PODS_ROOT}/Target Support Files/Pods-ImageTappable/Pods-ImageTappable-frameworks.sh\"\n";
			showEnvVarsInLog = 0;
		};
		AC8D63E2F925C46E36EC7761 /* [CP] Check Pods Manifest.lock */ = {
			isa = PBXShellScriptBuildPhase;
			buildActionMask = 2147483647;
			files = (
			);
			inputFileListPaths = (
			);
			inputPaths = (
				"${PODS_PODFILE_DIR_PATH}/Podfile.lock",
				"${PODS_ROOT}/Manifest.lock",
			);
			name = "[CP] Check Pods Manifest.lock";
			outputFileListPaths = (
			);
			outputPaths = (
				"$(DERIVED_FILE_DIR)/Pods-ImageTappable-checkManifestLockResult.txt",
			);
			runOnlyForDeploymentPostprocessing = 0;
			shellPath = /bin/sh;
			shellScript = "diff \"${PODS_PODFILE_DIR_PATH}/Podfile.lock\" \"${PODS_ROOT}/Manifest.lock\" > /dev/null\nif [ $? != 0 ] ; then\n    # print error to STDERR\n    echo \"error: The sandbox is not in sync with the Podfile.lock. Run 'pod install' or update your CocoaPods installation.\" >&2\n    exit 1\nfi\n# This output is used by Xcode 'outputs' to avoid re-running this script phase.\necho \"SUCCESS\" > \"${SCRIPT_OUTPUT_FILE_0}\"\n";
			showEnvVarsInLog = 0;
		};
/* End PBXShellScriptBuildPhase section */

/* Begin PBXSourcesBuildPhase section */
		9A02AD7C2DC65CA200BF8F09 /* Sources */ = {
			isa = PBXSourcesBuildPhase;
			buildActionMask = 2147483647;
			files = (
				9A02AD882DC65CA300BF8F09 /* PreviewsController.swift in Sources */,
				9ABF72BE2DC769FF003F7DB1 /* FullImageController.swift in Sources */,
				9A02ADB22DC663F700BF8F09 /* ImagesService.swift in Sources */,
				9A02ADB42DC664A800BF8F09 /* ImageDownloaderService.swift in Sources */,
				9A02ADAE2DC6634800BF8F09 /* PreviewModel.swift in Sources */,
				9A02ADAC2DC6631F00BF8F09 /* PreviewsModel.swift in Sources */,
				9A02AD842DC65CA200BF8F09 /* AppDelegate.swift in Sources */,
				9A02ADA62DC6618600BF8F09 /* PreviewCell.swift in Sources */,
				9A02ADAA2DC662B500BF8F09 /* PreviewsViewModel.swift in Sources */,
				9A02AD982DC6601C00BF8F09 /* PreviewsCollectionView.swift in Sources */,
				9A02ADA22DC660FF00BF8F09 /* PreviewsViewModelProtocol.swift in Sources */,
				9A02AD9C2DC6608900BF8F09 /* Section.swift in Sources */,
				9ABF72DE2DC7CAB7003F7DB1 /* FileReadService+UIImageView.swift in Sources */,
				9A02ADA82DC6627700BF8F09 /* CustomLayout.swift in Sources */,
				9ABF72E32DC80EEC003F7DB1 /* Converter.swift in Sources */,
				9A02ADA42DC6611B00BF8F09 /* PreviewViewModel.swift in Sources */,
				9A02ADB02DC663AC00BF8F09 /* PreviewEntity.swift in Sources */,
				9ABF72C02DC76A1A003F7DB1 /* FullImageViewModel.swift in Sources */,
				9ABF72D72DC78D03003F7DB1 /* FileSaveService.swift in Sources */,
				9A02AD862DC65CA200BF8F09 /* SceneDelegate.swift in Sources */,
				9ABF72DB2DC7AF14003F7DB1 /* FileReadService.swift in Sources */,
			);
			runOnlyForDeploymentPostprocessing = 0;
		};
		9ABF72C82DC7833F003F7DB1 /* Sources */ = {
			isa = PBXSourcesBuildPhase;
			buildActionMask = 2147483647;
			files = (
				9ABF72E02DC7D861003F7DB1 /* ImageSaveService.swift in Sources */,
				9ABF72D52DC78348003F7DB1 /* ImageDownloaderService.swift in Sources */,
			);
			runOnlyForDeploymentPostprocessing = 0;
		};
/* End PBXSourcesBuildPhase section */

/* Begin PBXTargetDependency section */
		9ABF72D12DC7833F003F7DB1 /* PBXTargetDependency */ = {
			isa = PBXTargetDependency;
			target = 9A02AD7F2DC65CA200BF8F09 /* ImageTappable */;
			targetProxy = 9ABF72D02DC7833F003F7DB1 /* PBXContainerItemProxy */;
		};
/* End PBXTargetDependency section */

/* Begin PBXVariantGroup section */
		9A02AD8E2DC65CA600BF8F09 /* LaunchScreen.storyboard */ = {
			isa = PBXVariantGroup;
			children = (
				9A02AD8F2DC65CA600BF8F09 /* Base */,
			);
			name = LaunchScreen.storyboard;
			sourceTree = "<group>";
		};
/* End PBXVariantGroup section */

/* Begin XCBuildConfiguration section */
		9A02AD922DC65CA600BF8F09 /* Debug */ = {
			isa = XCBuildConfiguration;
			buildSettings = {
				ALWAYS_SEARCH_USER_PATHS = NO;
				CLANG_ANALYZER_NONNULL = YES;
				CLANG_ANALYZER_NUMBER_OBJECT_CONVERSION = YES_AGGRESSIVE;
				CLANG_CXX_LANGUAGE_STANDARD = "gnu++17";
				CLANG_ENABLE_MODULES = YES;
				CLANG_ENABLE_OBJC_ARC = YES;
				CLANG_ENABLE_OBJC_WEAK = YES;
				CLANG_WARN_BLOCK_CAPTURE_AUTORELEASING = YES;
				CLANG_WARN_BOOL_CONVERSION = YES;
				CLANG_WARN_COMMA = YES;
				CLANG_WARN_CONSTANT_CONVERSION = YES;
				CLANG_WARN_DEPRECATED_OBJC_IMPLEMENTATIONS = YES;
				CLANG_WARN_DIRECT_OBJC_ISA_USAGE = YES_ERROR;
				CLANG_WARN_DOCUMENTATION_COMMENTS = YES;
				CLANG_WARN_EMPTY_BODY = YES;
				CLANG_WARN_ENUM_CONVERSION = YES;
				CLANG_WARN_INFINITE_RECURSION = YES;
				CLANG_WARN_INT_CONVERSION = YES;
				CLANG_WARN_NON_LITERAL_NULL_CONVERSION = YES;
				CLANG_WARN_OBJC_IMPLICIT_RETAIN_SELF = YES;
				CLANG_WARN_OBJC_LITERAL_CONVERSION = YES;
				CLANG_WARN_OBJC_ROOT_CLASS = YES_ERROR;
				CLANG_WARN_QUOTED_INCLUDE_IN_FRAMEWORK_HEADER = YES;
				CLANG_WARN_RANGE_LOOP_ANALYSIS = YES;
				CLANG_WARN_STRICT_PROTOTYPES = YES;
				CLANG_WARN_SUSPICIOUS_MOVE = YES;
				CLANG_WARN_UNGUARDED_AVAILABILITY = YES_AGGRESSIVE;
				CLANG_WARN_UNREACHABLE_CODE = YES;
				CLANG_WARN__DUPLICATE_METHOD_MATCH = YES;
				COPY_PHASE_STRIP = NO;
				DEBUG_INFORMATION_FORMAT = dwarf;
				ENABLE_STRICT_OBJC_MSGSEND = YES;
				ENABLE_TESTABILITY = YES;
				GCC_C_LANGUAGE_STANDARD = gnu11;
				GCC_DYNAMIC_NO_PIC = NO;
				GCC_NO_COMMON_BLOCKS = YES;
				GCC_OPTIMIZATION_LEVEL = 0;
				GCC_PREPROCESSOR_DEFINITIONS = (
					"DEBUG=1",
					"$(inherited)",
				);
				GCC_WARN_64_TO_32_BIT_CONVERSION = YES;
				GCC_WARN_ABOUT_RETURN_TYPE = YES_ERROR;
				GCC_WARN_UNDECLARED_SELECTOR = YES;
				GCC_WARN_UNINITIALIZED_AUTOS = YES_AGGRESSIVE;
				GCC_WARN_UNUSED_FUNCTION = YES;
				GCC_WARN_UNUSED_VARIABLE = YES;
				IPHONEOS_DEPLOYMENT_TARGET = 15.5;
				MTL_ENABLE_DEBUG_INFO = INCLUDE_SOURCE;
				MTL_FAST_MATH = YES;
				ONLY_ACTIVE_ARCH = YES;
				SDKROOT = iphoneos;
				SWIFT_ACTIVE_COMPILATION_CONDITIONS = DEBUG;
				SWIFT_OPTIMIZATION_LEVEL = "-Onone";
			};
			name = Debug;
		};
		9A02AD932DC65CA600BF8F09 /* Release */ = {
			isa = XCBuildConfiguration;
			buildSettings = {
				ALWAYS_SEARCH_USER_PATHS = NO;
				CLANG_ANALYZER_NONNULL = YES;
				CLANG_ANALYZER_NUMBER_OBJECT_CONVERSION = YES_AGGRESSIVE;
				CLANG_CXX_LANGUAGE_STANDARD = "gnu++17";
				CLANG_ENABLE_MODULES = YES;
				CLANG_ENABLE_OBJC_ARC = YES;
				CLANG_ENABLE_OBJC_WEAK = YES;
				CLANG_WARN_BLOCK_CAPTURE_AUTORELEASING = YES;
				CLANG_WARN_BOOL_CONVERSION = YES;
				CLANG_WARN_COMMA = YES;
				CLANG_WARN_CONSTANT_CONVERSION = YES;
				CLANG_WARN_DEPRECATED_OBJC_IMPLEMENTATIONS = YES;
				CLANG_WARN_DIRECT_OBJC_ISA_USAGE = YES_ERROR;
				CLANG_WARN_DOCUMENTATION_COMMENTS = YES;
				CLANG_WARN_EMPTY_BODY = YES;
				CLANG_WARN_ENUM_CONVERSION = YES;
				CLANG_WARN_INFINITE_RECURSION = YES;
				CLANG_WARN_INT_CONVERSION = YES;
				CLANG_WARN_NON_LITERAL_NULL_CONVERSION = YES;
				CLANG_WARN_OBJC_IMPLICIT_RETAIN_SELF = YES;
				CLANG_WARN_OBJC_LITERAL_CONVERSION = YES;
				CLANG_WARN_OBJC_ROOT_CLASS = YES_ERROR;
				CLANG_WARN_QUOTED_INCLUDE_IN_FRAMEWORK_HEADER = YES;
				CLANG_WARN_RANGE_LOOP_ANALYSIS = YES;
				CLANG_WARN_STRICT_PROTOTYPES = YES;
				CLANG_WARN_SUSPICIOUS_MOVE = YES;
				CLANG_WARN_UNGUARDED_AVAILABILITY = YES_AGGRESSIVE;
				CLANG_WARN_UNREACHABLE_CODE = YES;
				CLANG_WARN__DUPLICATE_METHOD_MATCH = YES;
				COPY_PHASE_STRIP = NO;
				DEBUG_INFORMATION_FORMAT = "dwarf-with-dsym";
				ENABLE_NS_ASSERTIONS = NO;
				ENABLE_STRICT_OBJC_MSGSEND = YES;
				GCC_C_LANGUAGE_STANDARD = gnu11;
				GCC_NO_COMMON_BLOCKS = YES;
				GCC_WARN_64_TO_32_BIT_CONVERSION = YES;
				GCC_WARN_ABOUT_RETURN_TYPE = YES_ERROR;
				GCC_WARN_UNDECLARED_SELECTOR = YES;
				GCC_WARN_UNINITIALIZED_AUTOS = YES_AGGRESSIVE;
				GCC_WARN_UNUSED_FUNCTION = YES;
				GCC_WARN_UNUSED_VARIABLE = YES;
				IPHONEOS_DEPLOYMENT_TARGET = 15.5;
				MTL_ENABLE_DEBUG_INFO = NO;
				MTL_FAST_MATH = YES;
				SDKROOT = iphoneos;
				SWIFT_COMPILATION_MODE = wholemodule;
				SWIFT_OPTIMIZATION_LEVEL = "-O";
				VALIDATE_PRODUCT = YES;
			};
			name = Release;
		};
		9A02AD952DC65CA600BF8F09 /* Debug */ = {
			isa = XCBuildConfiguration;
			baseConfigurationReference = 85AF30F3B999E902816E0471 /* Pods-ImageTappable.debug.xcconfig */;
			buildSettings = {
				ASSETCATALOG_COMPILER_APPICON_NAME = AppIcon;
				ASSETCATALOG_COMPILER_GLOBAL_ACCENT_COLOR_NAME = AccentColor;
				CODE_SIGN_STYLE = Automatic;
				CURRENT_PROJECT_VERSION = 1;
				GENERATE_INFOPLIST_FILE = YES;
				INFOPLIST_FILE = ImageTappable/Info.plist;
				INFOPLIST_KEY_UIApplicationSupportsIndirectInputEvents = YES;
				INFOPLIST_KEY_UILaunchStoryboardName = LaunchScreen;
				INFOPLIST_KEY_UISupportedInterfaceOrientations_iPad = "UIInterfaceOrientationPortrait UIInterfaceOrientationPortraitUpsideDown UIInterfaceOrientationLandscapeLeft UIInterfaceOrientationLandscapeRight";
				INFOPLIST_KEY_UISupportedInterfaceOrientations_iPhone = "UIInterfaceOrientationPortrait UIInterfaceOrientationLandscapeLeft UIInterfaceOrientationLandscapeRight";
				LD_RUNPATH_SEARCH_PATHS = (
					"$(inherited)",
					"@executable_path/Frameworks",
				);
				MARKETING_VERSION = 1.0;
				PRODUCT_BUNDLE_IDENTIFIER = R.ImageTappable;
				PRODUCT_NAME = "$(TARGET_NAME)";
				SWIFT_EMIT_LOC_STRINGS = YES;
				SWIFT_VERSION = 5.0;
				TARGETED_DEVICE_FAMILY = "1,2";
			};
			name = Debug;
		};
		9A02AD962DC65CA600BF8F09 /* Release */ = {
			isa = XCBuildConfiguration;
			baseConfigurationReference = D0D258E64191386C74018DC0 /* Pods-ImageTappable.release.xcconfig */;
			buildSettings = {
				ASSETCATALOG_COMPILER_APPICON_NAME = AppIcon;
				ASSETCATALOG_COMPILER_GLOBAL_ACCENT_COLOR_NAME = AccentColor;
				CODE_SIGN_STYLE = Automatic;
				CURRENT_PROJECT_VERSION = 1;
				GENERATE_INFOPLIST_FILE = YES;
				INFOPLIST_FILE = ImageTappable/Info.plist;
				INFOPLIST_KEY_UIApplicationSupportsIndirectInputEvents = YES;
				INFOPLIST_KEY_UILaunchStoryboardName = LaunchScreen;
				INFOPLIST_KEY_UISupportedInterfaceOrientations_iPad = "UIInterfaceOrientationPortrait UIInterfaceOrientationPortraitUpsideDown UIInterfaceOrientationLandscapeLeft UIInterfaceOrientationLandscapeRight";
				INFOPLIST_KEY_UISupportedInterfaceOrientations_iPhone = "UIInterfaceOrientationPortrait UIInterfaceOrientationLandscapeLeft UIInterfaceOrientationLandscapeRight";
				LD_RUNPATH_SEARCH_PATHS = (
					"$(inherited)",
					"@executable_path/Frameworks",
				);
				MARKETING_VERSION = 1.0;
				PRODUCT_BUNDLE_IDENTIFIER = R.ImageTappable;
				PRODUCT_NAME = "$(TARGET_NAME)";
				SWIFT_EMIT_LOC_STRINGS = YES;
				SWIFT_VERSION = 5.0;
				TARGETED_DEVICE_FAMILY = "1,2";
			};
			name = Release;
		};
		9ABF72D32DC7833F003F7DB1 /* Debug */ = {
			isa = XCBuildConfiguration;
			buildSettings = {
				BUNDLE_LOADER = "$(TEST_HOST)";
				CODE_SIGN_STYLE = Automatic;
				CURRENT_PROJECT_VERSION = 1;
				GENERATE_INFOPLIST_FILE = YES;
				MARKETING_VERSION = 1.0;
				PRODUCT_BUNDLE_IDENTIFIER = R.ImageTappableTests;
				PRODUCT_NAME = "$(TARGET_NAME)";
				SWIFT_EMIT_LOC_STRINGS = NO;
				SWIFT_VERSION = 5.0;
				TARGETED_DEVICE_FAMILY = "1,2";
				TEST_HOST = "$(BUILT_PRODUCTS_DIR)/ImageTappable.app/ImageTappable";
			};
			name = Debug;
		};
		9ABF72D42DC7833F003F7DB1 /* Release */ = {
			isa = XCBuildConfiguration;
			buildSettings = {
				BUNDLE_LOADER = "$(TEST_HOST)";
				CODE_SIGN_STYLE = Automatic;
				CURRENT_PROJECT_VERSION = 1;
				GENERATE_INFOPLIST_FILE = YES;
				MARKETING_VERSION = 1.0;
				PRODUCT_BUNDLE_IDENTIFIER = R.ImageTappableTests;
				PRODUCT_NAME = "$(TARGET_NAME)";
				SWIFT_EMIT_LOC_STRINGS = NO;
				SWIFT_VERSION = 5.0;
				TARGETED_DEVICE_FAMILY = "1,2";
				TEST_HOST = "$(BUILT_PRODUCTS_DIR)/ImageTappable.app/ImageTappable";
			};
			name = Release;
		};
/* End XCBuildConfiguration section */

/* Begin XCConfigurationList section */
		9A02AD7B2DC65CA200BF8F09 /* Build configuration list for PBXProject "ImageTappable" */ = {
			isa = XCConfigurationList;
			buildConfigurations = (
				9A02AD922DC65CA600BF8F09 /* Debug */,
				9A02AD932DC65CA600BF8F09 /* Release */,
			);
			defaultConfigurationIsVisible = 0;
			defaultConfigurationName = Release;
		};
		9A02AD942DC65CA600BF8F09 /* Build configuration list for PBXNativeTarget "ImageTappable" */ = {
			isa = XCConfigurationList;
			buildConfigurations = (
				9A02AD952DC65CA600BF8F09 /* Debug */,
				9A02AD962DC65CA600BF8F09 /* Release */,
			);
			defaultConfigurationIsVisible = 0;
			defaultConfigurationName = Release;
		};
		9ABF72D22DC7833F003F7DB1 /* Build configuration list for PBXNativeTarget "ImageTappableTests" */ = {
			isa = XCConfigurationList;
			buildConfigurations = (
				9ABF72D32DC7833F003F7DB1 /* Debug */,
				9ABF72D42DC7833F003F7DB1 /* Release */,
			);
			defaultConfigurationIsVisible = 0;
			defaultConfigurationName = Release;
		};
/* End XCConfigurationList section */
	};
	rootObject = 9A02AD782DC65CA200BF8F09 /* Project object */;
}
